{
  "lockfileVersion": 1,
  "configVersion": 1,
  "workspaces": {
    "": {
      "dependencies": {
        "katex": "^0.16.38",
        "marked-katex-extension": "^5.1.7",
      },
    },
  },
  "packages": {
    "commander": ["commander@8.3.0", "", {}, "sha512-OkTL9umf+He2DZkUq8f8J9of7yL6RJKI24dVITBmNfZBmri9zYZQrKkuXiKhyfPSu8tUhnVBB1iKXevvnlR4Ww=="],

    "katex": ["katex@0.16.38", "", { "dependencies": { "commander": "^8.3.0" }, "bin": { "katex": "cli.js" } }, "sha512-cjHooZUmIAUmDsHBN+1n8LaZdpmbj03LtYeYPyuYB7OuloiaeaV6N4LcfjcnHVzGWjVQmKrxxTrpDcmSzEZQwQ=="],

    "marked": ["marked@17.0.4", "", { "bin": { "marked": "bin/marked.js" } }, "sha512-NOmVMM+KAokHMvjWmC5N/ZOvgmSWuqJB8FoYI019j4ogb/PeRMKoKIjReZ2w3376kkA8dSJIP8uD993Kxc0iRQ=="],

    "marked-katex-extension": ["marked-katex-extension@5.1.7", "", { "peerDependencies": { "katex": ">=0.16 <0.17", "marked": ">=4 <18" } }, "sha512-CVFzrqwpXGVaHByqcVvO/JfzW/OMWrAF3pEfNYNIruzBzM64moANSHapCg1qbzEN+NGf5unHwkMfwJIXHzyDAw=="],
  }
}
